<?xml version="1.0" encoding="utf-8"?>
<Project ToolsVersion="4.0" xmlns="http://schemas.microsoft.com/developer/msbuild/2003">
  <ItemGroup>
    <Filter Include="Source Files">
      <UniqueIdentifier>{4FC737F1-C7A5-4376-A066-2A32D752A2FF}</UniqueIdentifier>
      <Extensions>cpp;c;cc;cxx;def;odl;idl;hpj;bat;asm;asmx</Extensions>
    </Filter>
    <Filter Include="Header Files">
      <UniqueIdentifier>{93995380-89BD-4b04-88EB-625FBE52EBFB}</UniqueIdentifier>
      <Extensions>h;hh;hpp;hxx;hm;inl;inc;ipp;xsd</Extensions>
    </Filter>
    <Filter Include="Resource Files">
      <UniqueIdentifier>{67DA6AB6-F800-4c08-8B7A-83BB121AAD01}</UniqueIdentifier>
      <Extensions>rc;ico;cur;bmp;dlg;rc2;rct;bin;rgs;gif;jpg;jpeg;jpe;resx;tiff;tif;png;wav;mfcribbon-ms</Extensions>
    </Filter>
    <Filter Include="XUSG">
      <UniqueIdentifier>{4fb88c07-15f5-494c-a08f-945ac19ef282}</UniqueIdentifier>
    </Filter>
    <Filter Include="Import">
      <UniqueIdentifier>{dcbb8536-cac4-48e1-b02a-e5d7c4ed3262}</UniqueIdentifier>
    </Filter>
    <Filter Include="Import\Header Files">
      <UniqueIdentifier>{660b01b4-ff9a-40e8-a82b-8b385de7de5c}</UniqueIdentifier>
    </Filter>
    <Filter Include="Import\Source Files">
      <UniqueIdentifier>{b0603418-3c19-46bf-a607-46d653b458a8}</UniqueIdentifier>
    </Filter>
    <Filter Include="Assets">
      <UniqueIdentifier>{d5e634a3-cb4c-4360-9a62-de24d9095e40}</UniqueIdentifier>
    </Filter>
  </ItemGroup>
  <ItemGroup>
    <ClInclude Include="stdafx.h">
      <Filter>Header Files</Filter>
    </ClInclude>
    <ClInclude Include="RenderingX.h">
      <Filter>Header Files</Filter>
    </ClInclude>
    <ClInclude Include="resource.h">
      <Filter>Header Files</Filter>
    </ClInclude>
    <ClInclude Include="Import\d3dx12.h">
      <Filter>Import\Header Files</Filter>
    </ClInclude>
    <ClInclude Include="Import\DXFramework.h">
      <Filter>Import\Header Files</Filter>
    </ClInclude>
    <ClInclude Include="Import\DXFrameworkHelper.h">
      <Filter>Import\Header Files</Filter>
    </ClInclude>
    <ClInclude Include="Import\StepTimer.h">
      <Filter>Import\Header Files</Filter>
    </ClInclude>
    <ClInclude Include="Import\tinyjson.hpp">
      <Filter>Import\Header Files</Filter>
    </ClInclude>
    <ClInclude Include="Import\Win32Application.h">
      <Filter>Import\Header Files</Filter>
    </ClInclude>
    <ClInclude Include="Import\d3d12.h">
      <Filter>Import\Header Files</Filter>
    </ClInclude>
    <ClInclude Include="XUSG\Advanced\XUSGAdvanced.h">
      <Filter>XUSG</Filter>
    </ClInclude>
    <ClInclude Include="XUSG\Core\XUSG.h">
      <Filter>XUSG</Filter>
    </ClInclude>
    <ClInclude Include="Import\d3dcommon.h">
      <Filter>Import\Header Files</Filter>
    </ClInclude>
    <ClInclude Include="Import\dxgiformat.h">
      <Filter>Import\Header Files</Filter>
    </ClInclude>
  </ItemGroup>
  <ItemGroup>
    <ClCompile Include="Main.cpp">
      <Filter>Source Files</Filter>
    </ClCompile>
    <ClCompile Include="stdafx.cpp">
      <Filter>Source Files</Filter>
    </ClCompile>
    <ClCompile Include="RenderingX.cpp">
      <Filter>Source Files</Filter>
    </ClCompile>
    <ClCompile Include="Import\DXFramework.cpp">
      <Filter>Import\Source Files</Filter>
    </ClCompile>
    <ClCompile Include="Import\Win32Application.cpp">
      <Filter>Import\Source Files</Filter>
    </ClCompile>
  </ItemGroup>
  <ItemGroup>
    <ResourceCompile Include="RenderingX12.rc">
      <Filter>Resource Files</Filter>
    </ResourceCompile>
  </ItemGroup>
  <ItemGroup>
    <Image Include="RenderingX.ico">
      <Filter>Resource Files</Filter>
    </Image>
  </ItemGroup>
  <ItemGroup>
    <None Include="..\Bin\Assets\Scene.json">
      <Filter>Assets</Filter>
    </None>
  </ItemGroup>
</Project>